
Microsoft Visual Studio Solution File, Format Version 12.00
# Visual Studio Version 16
VisualStudioVersion = 16.0.30413.136
MinimumVisualStudioVersion = 10.0.40219.1
Project("{FAE04EC0-301F-11D3-BF4B-00C04F79EFBC}") = "Hello World", "Hello World\Hello World.csproj", "{CD02B52B-7E28-4D42-A753-EE2FC3AB9FAB}"
EndProject
Global
	GlobalSection(SolutionConfigurationPlatforms) = preSolution
		Debug|Any CPU = Debug|Any CPU
		Release|Any CPU = Release|Any CPU
	EndGlobalSection
	GlobalSection(ProjectConfigurationPlatforms) = postSolution
		{CD02B52B-7E28-4D42-A753-EE2FC3AB9FAB}.Debug|Any CPU.ActiveCfg = Debug|Any CPU
		{CD02B52B-7E28-4D42-A753-EE2FC3AB9FAB}.Debug|Any CPU.Build.0 = Debug|Any CPU
		{CD02B52B-7E28-4D42-A753-EE2FC3AB9FAB}.Release|Any CPU.ActiveCfg = Release|Any CPU
		{CD02B52B-7E28-4D42-A753-EE2FC3AB9FAB}.Release|Any CPU.Build.0 = Release|Any CPU
	EndGlobalSection
	GlobalSection(SolutionProperties) = preSolution
		HideSolutionNode = FALSE
	EndGlobalSection
	GlobalSection(ExtensibilityGlobals) = postSolution
		SolutionGuid = {AF9A5C04-56F0-4C57-870B-BBA64477F278}
	EndGlobalSection
EndGlobal
